
Microsoft Visual Studio Solution File, Format Version 12.00
# Visual Studio Version 17
VisualStudioVersion = 17.3.32922.545
MinimumVisualStudioVersion = 10.0.40219.1
Project("{FAE04EC0-301F-11D3-BF4B-00C04F79EFBC}") = "TP1_FUNDAMENTOS_CSHARPE", "TP1_FUNDAMNENTOS_CSHARPE\TP1_FUNDAMENTOS_CSHARPE.csproj", "{907DE77D-A565-4598-9D90-0259D36C099D}"
EndProject
Project("{FAE04EC0-301F-11D3-BF4B-00C04F79EFBC}") = "Biblioteca", "Biblioteca\Biblioteca.csproj", "{704634F8-2F79-4619-8F3E-F995034E403B}"
EndProject
Global
	GlobalSection(SolutionConfigurationPlatforms) = preSolution
		Debug|Any CPU = Debug|Any CPU
		Release|Any CPU = Release|Any CPU
	EndGlobalSection
	GlobalSection(ProjectConfigurationPlatforms) = postSolution
		{907DE77D-A565-4598-9D90-0259D36C099D}.Debug|Any CPU.ActiveCfg = Debug|Any CPU
		{907DE77D-A565-4598-9D90-0259D36C099D}.Debug|Any CPU.Build.0 = Debug|Any CPU
		{907DE77D-A565-4598-9D90-0259D36C099D}.Release|Any CPU.ActiveCfg = Release|Any CPU
		{907DE77D-A565-4598-9D90-0259D36C099D}.Release|Any CPU.Build.0 = Release|Any CPU
		{704634F8-2F79-4619-8F3E-F995034E403B}.Debug|Any CPU.ActiveCfg = Debug|Any CPU
		{704634F8-2F79-4619-8F3E-F995034E403B}.Debug|Any CPU.Build.0 = Debug|Any CPU
		{704634F8-2F79-4619-8F3E-F995034E403B}.Release|Any CPU.ActiveCfg = Release|Any CPU
		{704634F8-2F79-4619-8F3E-F995034E403B}.Release|Any CPU.Build.0 = Release|Any CPU
	EndGlobalSection
	GlobalSection(SolutionProperties) = preSolution
		HideSolutionNode = FALSE
	EndGlobalSection
	GlobalSection(ExtensibilityGlobals) = postSolution
		SolutionGuid = {D52E2CFA-8DB1-4274-ABC6-143F5E4B3B9A}
	EndGlobalSection
EndGlobal
